
Microsoft Visual Studio Solution File, Format Version 12.00
# Visual Studio Version 17
VisualStudioVersion = 17.9.34622.214
MinimumVisualStudioVersion = 10.0.40219.1
Project("{FAE04EC0-301F-11D3-BF4B-00C04F79EFBC}") = "Buoi3_BTVN1", "Buoi3_BTVN1\Buoi3_BTVN1.csproj", "{0C86B832-6E47-4D8E-AF35-D74C259DC157}"
EndProject
Global
	GlobalSection(SolutionConfigurationPlatforms) = preSolution
		Debug|Any CPU = Debug|Any CPU
		Release|Any CPU = Release|Any CPU
	EndGlobalSection
	GlobalSection(ProjectConfigurationPlatforms) = postSolution
		{0C86B832-6E47-4D8E-AF35-D74C259DC157}.Debug|Any CPU.ActiveCfg = Debug|Any CPU
		{0C86B832-6E47-4D8E-AF35-D74C259DC157}.Debug|Any CPU.Build.0 = Debug|Any CPU
		{0C86B832-6E47-4D8E-AF35-D74C259DC157}.Release|Any CPU.ActiveCfg = Release|Any CPU
		{0C86B832-6E47-4D8E-AF35-D74C259DC157}.Release|Any CPU.Build.0 = Release|Any CPU
	EndGlobalSection
	GlobalSection(SolutionProperties) = preSolution
		HideSolutionNode = FALSE
	EndGlobalSection
	GlobalSection(ExtensibilityGlobals) = postSolution
		SolutionGuid = {0983DEBE-9734-49D9-B2D9-78CDC7A7013A}
	EndGlobalSection
EndGlobal
