
Microsoft Visual Studio Solution File, Format Version 12.00
# Visual Studio Version 17
VisualStudioVersion = 17.9.34622.214
MinimumVisualStudioVersion = 10.0.40219.1
Project("{FAE04EC0-301F-11D3-BF4B-00C04F79EFBC}") = "Buoi9_BaiTap1", "Buoi9_BaiTap1\Buoi9_BaiTap1.csproj", "{FE7D746D-55F8-4C93-89B5-1A2B79431035}"
EndProject
Global
	GlobalSection(SolutionConfigurationPlatforms) = preSolution
		Debug|Any CPU = Debug|Any CPU
		Release|Any CPU = Release|Any CPU
	EndGlobalSection
	GlobalSection(ProjectConfigurationPlatforms) = postSolution
		{FE7D746D-55F8-4C93-89B5-1A2B79431035}.Debug|Any CPU.ActiveCfg = Debug|Any CPU
		{FE7D746D-55F8-4C93-89B5-1A2B79431035}.Debug|Any CPU.Build.0 = Debug|Any CPU
		{FE7D746D-55F8-4C93-89B5-1A2B79431035}.Release|Any CPU.ActiveCfg = Release|Any CPU
		{FE7D746D-55F8-4C93-89B5-1A2B79431035}.Release|Any CPU.Build.0 = Release|Any CPU
	EndGlobalSection
	GlobalSection(SolutionProperties) = preSolution
		HideSolutionNode = FALSE
	EndGlobalSection
	GlobalSection(ExtensibilityGlobals) = postSolution
		SolutionGuid = {44FBC2F0-3A22-4BEA-876F-22AD70E155E1}
	EndGlobalSection
EndGlobal
