
Microsoft Visual Studio Solution File, Format Version 12.00
# Visual Studio Version 17
VisualStudioVersion = 17.9.34622.214
MinimumVisualStudioVersion = 10.0.40219.1
Project("{FAE04EC0-301F-11D3-BF4B-00C04F79EFBC}") = "Buoi2_BTVN5", "Buoi2_BTVN5\Buoi2_BTVN5.csproj", "{CF87489D-C4FA-4434-B4A5-3C8D2DDF8F11}"
EndProject
Global
	GlobalSection(SolutionConfigurationPlatforms) = preSolution
		Debug|Any CPU = Debug|Any CPU
		Release|Any CPU = Release|Any CPU
	EndGlobalSection
	GlobalSection(ProjectConfigurationPlatforms) = postSolution
		{CF87489D-C4FA-4434-B4A5-3C8D2DDF8F11}.Debug|Any CPU.ActiveCfg = Debug|Any CPU
		{CF87489D-C4FA-4434-B4A5-3C8D2DDF8F11}.Debug|Any CPU.Build.0 = Debug|Any CPU
		{CF87489D-C4FA-4434-B4A5-3C8D2DDF8F11}.Release|Any CPU.ActiveCfg = Release|Any CPU
		{CF87489D-C4FA-4434-B4A5-3C8D2DDF8F11}.Release|Any CPU.Build.0 = Release|Any CPU
	EndGlobalSection
	GlobalSection(SolutionProperties) = preSolution
		HideSolutionNode = FALSE
	EndGlobalSection
	GlobalSection(ExtensibilityGlobals) = postSolution
		SolutionGuid = {6ED931B9-9254-4104-AFF5-F91AB25AF3C2}
	EndGlobalSection
EndGlobal
