
Microsoft Visual Studio Solution File, Format Version 12.00
# Visual Studio Version 17
VisualStudioVersion = 17.9.34622.214
MinimumVisualStudioVersion = 10.0.40219.1
Project("{FAE04EC0-301F-11D3-BF4B-00C04F79EFBC}") = "Buoi1_BTVN2", "Buoi1_BTVN2\Buoi1_BTVN2.csproj", "{338DA0AE-82A1-4800-A90A-F9B9F4F7926E}"
EndProject
Global
	GlobalSection(SolutionConfigurationPlatforms) = preSolution
		Debug|Any CPU = Debug|Any CPU
		Release|Any CPU = Release|Any CPU
	EndGlobalSection
	GlobalSection(ProjectConfigurationPlatforms) = postSolution
		{338DA0AE-82A1-4800-A90A-F9B9F4F7926E}.Debug|Any CPU.ActiveCfg = Debug|Any CPU
		{338DA0AE-82A1-4800-A90A-F9B9F4F7926E}.Debug|Any CPU.Build.0 = Debug|Any CPU
		{338DA0AE-82A1-4800-A90A-F9B9F4F7926E}.Release|Any CPU.ActiveCfg = Release|Any CPU
		{338DA0AE-82A1-4800-A90A-F9B9F4F7926E}.Release|Any CPU.Build.0 = Release|Any CPU
	EndGlobalSection
	GlobalSection(SolutionProperties) = preSolution
		HideSolutionNode = FALSE
	EndGlobalSection
	GlobalSection(ExtensibilityGlobals) = postSolution
		SolutionGuid = {FF0F85F6-CFBB-4330-90C0-F6E95D86FE38}
	EndGlobalSection
EndGlobal
