
Microsoft Visual Studio Solution File, Format Version 12.00
# Visual Studio Version 17
VisualStudioVersion = 17.9.34622.214
MinimumVisualStudioVersion = 10.0.40219.1
Project("{9A19103F-16F7-4668-BE54-9A1E7A4F7556}") = "Buoi14_BTVN", "Buoi14_BTVN\Buoi14_BTVN.csproj", "{69E2ED42-D7E2-46A8-AB43-750538460779}"
EndProject
Project("{FAE04EC0-301F-11D3-BF4B-00C04F79EFBC}") = "SanPhamConsole.NetCore", "SanPhamConsole.NetCore\SanPhamConsole.NetCore.csproj", "{03674A3F-1879-4589-B59B-EBF9F0BBF9D6}"
EndProject
Global
	GlobalSection(SolutionConfigurationPlatforms) = preSolution
		Debug|Any CPU = Debug|Any CPU
		Release|Any CPU = Release|Any CPU
	EndGlobalSection
	GlobalSection(ProjectConfigurationPlatforms) = postSolution
		{69E2ED42-D7E2-46A8-AB43-750538460779}.Debug|Any CPU.ActiveCfg = Debug|Any CPU
		{69E2ED42-D7E2-46A8-AB43-750538460779}.Debug|Any CPU.Build.0 = Debug|Any CPU
		{69E2ED42-D7E2-46A8-AB43-750538460779}.Release|Any CPU.ActiveCfg = Release|Any CPU
		{69E2ED42-D7E2-46A8-AB43-750538460779}.Release|Any CPU.Build.0 = Release|Any CPU
		{03674A3F-1879-4589-B59B-EBF9F0BBF9D6}.Debug|Any CPU.ActiveCfg = Debug|Any CPU
		{03674A3F-1879-4589-B59B-EBF9F0BBF9D6}.Debug|Any CPU.Build.0 = Debug|Any CPU
		{03674A3F-1879-4589-B59B-EBF9F0BBF9D6}.Release|Any CPU.ActiveCfg = Release|Any CPU
		{03674A3F-1879-4589-B59B-EBF9F0BBF9D6}.Release|Any CPU.Build.0 = Release|Any CPU
	EndGlobalSection
	GlobalSection(SolutionProperties) = preSolution
		HideSolutionNode = FALSE
	EndGlobalSection
	GlobalSection(ExtensibilityGlobals) = postSolution
		SolutionGuid = {DB546030-48BE-443D-9041-A02556076116}
	EndGlobalSection
EndGlobal
