
Microsoft Visual Studio Solution File, Format Version 12.00
# Visual Studio Version 17
VisualStudioVersion = 17.9.34622.214
MinimumVisualStudioVersion = 10.0.40219.1
Project("{FAE04EC0-301F-11D3-BF4B-00C04F79EFBC}") = "Buoi7_BTVN3", "Buoi7_BTVN3\Buoi7_BTVN3.csproj", "{B9182E57-0E1D-47E0-94BD-ED3FA8D4AD5D}"
EndProject
Global
	GlobalSection(SolutionConfigurationPlatforms) = preSolution
		Debug|Any CPU = Debug|Any CPU
		Release|Any CPU = Release|Any CPU
	EndGlobalSection
	GlobalSection(ProjectConfigurationPlatforms) = postSolution
		{B9182E57-0E1D-47E0-94BD-ED3FA8D4AD5D}.Debug|Any CPU.ActiveCfg = Debug|Any CPU
		{B9182E57-0E1D-47E0-94BD-ED3FA8D4AD5D}.Debug|Any CPU.Build.0 = Debug|Any CPU
		{B9182E57-0E1D-47E0-94BD-ED3FA8D4AD5D}.Release|Any CPU.ActiveCfg = Release|Any CPU
		{B9182E57-0E1D-47E0-94BD-ED3FA8D4AD5D}.Release|Any CPU.Build.0 = Release|Any CPU
	EndGlobalSection
	GlobalSection(SolutionProperties) = preSolution
		HideSolutionNode = FALSE
	EndGlobalSection
	GlobalSection(ExtensibilityGlobals) = postSolution
		SolutionGuid = {D0838A33-0B20-4C8C-A103-8B1C1BEC4BB4}
	EndGlobalSection
EndGlobal
