
Microsoft Visual Studio Solution File, Format Version 12.00
# Visual Studio Version 17
VisualStudioVersion = 17.9.34622.214
MinimumVisualStudioVersion = 10.0.40219.1
Project("{FAE04EC0-301F-11D3-BF4B-00C04F79EFBC}") = "Buoi13_BTVN", "Buoi13_BTVN\Buoi13_BTVN.csproj", "{FEF1E38A-936A-496B-96A5-FB5A1588737B}"
EndProject
Project("{FAE04EC0-301F-11D3-BF4B-00C04F79EFBC}") = "BookConsoleAppNetCore", "BookConsoleAppNetCore\BookConsoleAppNetCore.csproj", "{C6E89E1E-5373-443E-9B3D-1A762B5F1DF2}"
EndProject
Global
	GlobalSection(SolutionConfigurationPlatforms) = preSolution
		Debug|Any CPU = Debug|Any CPU
		Release|Any CPU = Release|Any CPU
	EndGlobalSection
	GlobalSection(ProjectConfigurationPlatforms) = postSolution
		{FEF1E38A-936A-496B-96A5-FB5A1588737B}.Debug|Any CPU.ActiveCfg = Debug|Any CPU
		{FEF1E38A-936A-496B-96A5-FB5A1588737B}.Debug|Any CPU.Build.0 = Debug|Any CPU
		{FEF1E38A-936A-496B-96A5-FB5A1588737B}.Release|Any CPU.ActiveCfg = Release|Any CPU
		{FEF1E38A-936A-496B-96A5-FB5A1588737B}.Release|Any CPU.Build.0 = Release|Any CPU
		{C6E89E1E-5373-443E-9B3D-1A762B5F1DF2}.Debug|Any CPU.ActiveCfg = Debug|Any CPU
		{C6E89E1E-5373-443E-9B3D-1A762B5F1DF2}.Debug|Any CPU.Build.0 = Debug|Any CPU
		{C6E89E1E-5373-443E-9B3D-1A762B5F1DF2}.Release|Any CPU.ActiveCfg = Release|Any CPU
		{C6E89E1E-5373-443E-9B3D-1A762B5F1DF2}.Release|Any CPU.Build.0 = Release|Any CPU
	EndGlobalSection
	GlobalSection(SolutionProperties) = preSolution
		HideSolutionNode = FALSE
	EndGlobalSection
	GlobalSection(ExtensibilityGlobals) = postSolution
		SolutionGuid = {4A7EAB0F-505C-40FF-BB54-9C2A2C5662B1}
	EndGlobalSection
EndGlobal
