
Microsoft Visual Studio Solution File, Format Version 12.00
# Visual Studio Version 17
VisualStudioVersion = 17.9.34622.214
MinimumVisualStudioVersion = 10.0.40219.1
Project("{FAE04EC0-301F-11D3-BF4B-00C04F79EFBC}") = "Buoi15_BaiTap", "Buoi15_BaiTap\Buoi15_BaiTap.csproj", "{2CBA5E87-4C71-4314-98F1-25BF3A6B8E71}"
EndProject
Global
	GlobalSection(SolutionConfigurationPlatforms) = preSolution
		Debug|Any CPU = Debug|Any CPU
		Release|Any CPU = Release|Any CPU
	EndGlobalSection
	GlobalSection(ProjectConfigurationPlatforms) = postSolution
		{2CBA5E87-4C71-4314-98F1-25BF3A6B8E71}.Debug|Any CPU.ActiveCfg = Debug|Any CPU
		{2CBA5E87-4C71-4314-98F1-25BF3A6B8E71}.Debug|Any CPU.Build.0 = Debug|Any CPU
		{2CBA5E87-4C71-4314-98F1-25BF3A6B8E71}.Release|Any CPU.ActiveCfg = Release|Any CPU
		{2CBA5E87-4C71-4314-98F1-25BF3A6B8E71}.Release|Any CPU.Build.0 = Release|Any CPU
	EndGlobalSection
	GlobalSection(SolutionProperties) = preSolution
		HideSolutionNode = FALSE
	EndGlobalSection
	GlobalSection(ExtensibilityGlobals) = postSolution
		SolutionGuid = {9CBF8FFB-E3C8-4515-BF75-4285A7790DDC}
	EndGlobalSection
EndGlobal
